
Microsoft Visual Studio Solution File, Format Version 12.00
# Visual Studio Version 16
VisualStudioVersion = 16.0.31702.278
MinimumVisualStudioVersion = 10.0.40219.1
Project("{FAE04EC0-301F-11D3-BF4B-00C04F79EFBC}") = "Phoneword.UWP", "Phoneword\Phoneword.UWP\Phoneword.UWP.csproj", "{1EB2F6D7-DD0F-4EF1-A224-4FC87F723AC1}"
EndProject
Project("{FAE04EC0-301F-11D3-BF4B-00C04F79EFBC}") = "Phoneword.Android", "Phoneword\Phoneword.Android\Phoneword.Android.csproj", "{402C139E-6658-45F0-B849-3FC74D205B56}"
EndProject
Project("{FAE04EC0-301F-11D3-BF4B-00C04F79EFBC}") = "Phoneword.iOS", "Phoneword\Phoneword.iOS\Phoneword.iOS.csproj", "{A0E2ADF8-87D3-42FB-A231-6037664B8235}"
EndProject
Project("{FAE04EC0-301F-11D3-BF4B-00C04F79EFBC}") = "Phoneword", "Phoneword\Phoneword\Phoneword.csproj", "{A12006BF-1FBD-4250-A00F-747096ACF321}"
EndProject
Global
	GlobalSection(SolutionConfigurationPlatforms) = preSolution
		Debug|Any CPU = Debug|Any CPU
		Debug|ARM = Debug|ARM
		Debug|iPhone = Debug|iPhone
		Debug|iPhoneSimulator = Debug|iPhoneSimulator
		Debug|x64 = Debug|x64
		Debug|x86 = Debug|x86
		Release|Any CPU = Release|Any CPU
		Release|ARM = Release|ARM
		Release|iPhone = Release|iPhone
		Release|iPhoneSimulator = Release|iPhoneSimulator
		Release|x64 = Release|x64
		Release|x86 = Release|x86
	EndGlobalSection
	GlobalSection(ProjectConfigurationPlatforms) = postSolution
		{1EB2F6D7-DD0F-4EF1-A224-4FC87F723AC1}.Debug|Any CPU.ActiveCfg = Debug|x86
		{1EB2F6D7-DD0F-4EF1-A224-4FC87F723AC1}.Debug|Any CPU.Build.0 = Debug|x86
		{1EB2F6D7-DD0F-4EF1-A224-4FC87F723AC1}.Debug|Any CPU.Deploy.0 = Debug|x86
		{1EB2F6D7-DD0F-4EF1-A224-4FC87F723AC1}.Debug|ARM.ActiveCfg = Debug|ARM
		{1EB2F6D7-DD0F-4EF1-A224-4FC87F723AC1}.Debug|ARM.Build.0 = Debug|ARM
		{1EB2F6D7-DD0F-4EF1-A224-4FC87F723AC1}.Debug|ARM.Deploy.0 = Debug|ARM
		{1EB2F6D7-DD0F-4EF1-A224-4FC87F723AC1}.Debug|iPhone.ActiveCfg = Debug|x86
		{1EB2F6D7-DD0F-4EF1-A224-4FC87F723AC1}.Debug|iPhone.Build.0 = Debug|x86
		{1EB2F6D7-DD0F-4EF1-A224-4FC87F723AC1}.Debug|iPhone.Deploy.0 = Debug|x86
		{1EB2F6D7-DD0F-4EF1-A224-4FC87F723AC1}.Debug|iPhoneSimulator.ActiveCfg = Debug|x86
		{1EB2F6D7-DD0F-4EF1-A224-4FC87F723AC1}.Debug|iPhoneSimulator.Build.0 = Debug|x86
		{1EB2F6D7-DD0F-4EF1-A224-4FC87F723AC1}.Debug|iPhoneSimulator.Deploy.0 = Debug|x86
		{1EB2F6D7-DD0F-4EF1-A224-4FC87F723AC1}.Debug|x64.ActiveCfg = Debug|x64
		{1EB2F6D7-DD0F-4EF1-A224-4FC87F723AC1}.Debug|x64.Build.0 = Debug|x64
		{1EB2F6D7-DD0F-4EF1-A224-4FC87F723AC1}.Debug|x64.Deploy.0 = Debug|x64
		{1EB2F6D7-DD0F-4EF1-A224-4FC87F723AC1}.Debug|x86.ActiveCfg = Debug|x86
		{1EB2F6D7-DD0F-4EF1-A224-4FC87F723AC1}.Debug|x86.Build.0 = Debug|x86
		{1EB2F6D7-DD0F-4EF1-A224-4FC87F723AC1}.Debug|x86.Deploy.0 = Debug|x86
		{1EB2F6D7-DD0F-4EF1-A224-4FC87F723AC1}.Release|Any CPU.ActiveCfg = Release|x86
		{1EB2F6D7-DD0F-4EF1-A224-4FC87F723AC1}.Release|Any CPU.Build.0 = Release|x86
		{1EB2F6D7-DD0F-4EF1-A224-4FC87F723AC1}.Release|Any CPU.Deploy.0 = Release|x86
		{1EB2F6D7-DD0F-4EF1-A224-4FC87F723AC1}.Release|ARM.ActiveCfg = Release|ARM
		{1EB2F6D7-DD0F-4EF1-A224-4FC87F723AC1}.Release|ARM.Build.0 = Release|ARM
		{1EB2F6D7-DD0F-4EF1-A224-4FC87F723AC1}.Release|ARM.Deploy.0 = Release|ARM
		{1EB2F6D7-DD0F-4EF1-A224-4FC87F723AC1}.Release|iPhone.ActiveCfg = Release|x86
		{1EB2F6D7-DD0F-4EF1-A224-4FC87F723AC1}.Release|iPhone.Build.0 = Release|x86
		{1EB2F6D7-DD0F-4EF1-A224-4FC87F723AC1}.Release|iPhone.Deploy.0 = Release|x86
		{1EB2F6D7-DD0F-4EF1-A224-4FC87F723AC1}.Release|iPhoneSimulator.ActiveCfg = Release|x86
		{1EB2F6D7-DD0F-4EF1-A224-4FC87F723AC1}.Release|iPhoneSimulator.Build.0 = Release|x86
		{1EB2F6D7-DD0F-4EF1-A224-4FC87F723AC1}.Release|iPhoneSimulator.Deploy.0 = Release|x86
		{1EB2F6D7-DD0F-4EF1-A224-4FC87F723AC1}.Release|x64.ActiveCfg = Release|x64
		{1EB2F6D7-DD0F-4EF1-A224-4FC87F723AC1}.Release|x64.Build.0 = Release|x64
		{1EB2F6D7-DD0F-4EF1-A224-4FC87F723AC1}.Release|x64.Deploy.0 = Release|x64
		{1EB2F6D7-DD0F-4EF1-A224-4FC87F723AC1}.Release|x86.ActiveCfg = Release|x86
		{1EB2F6D7-DD0F-4EF1-A224-4FC87F723AC1}.Release|x86.Build.0 = Release|x86
		{1EB2F6D7-DD0F-4EF1-A224-4FC87F723AC1}.Release|x86.Deploy.0 = Release|x86
		{402C139E-6658-45F0-B849-3FC74D205B56}.Debug|Any CPU.ActiveCfg = Debug|Any CPU
		{402C139E-6658-45F0-B849-3FC74D205B56}.Debug|Any CPU.Build.0 = Debug|Any CPU
		{402C139E-6658-45F0-B849-3FC74D205B56}.Debug|Any CPU.Deploy.0 = Debug|Any CPU
		{402C139E-6658-45F0-B849-3FC74D205B56}.Debug|ARM.ActiveCfg = Debug|Any CPU
		{402C139E-6658-45F0-B849-3FC74D205B56}.Debug|ARM.Build.0 = Debug|Any CPU
		{402C139E-6658-45F0-B849-3FC74D205B56}.Debug|ARM.Deploy.0 = Debug|Any CPU
		{402C139E-6658-45F0-B849-3FC74D205B56}.Debug|iPhone.ActiveCfg = Debug|Any CPU
		{402C139E-6658-45F0-B849-3FC74D205B56}.Debug|iPhone.Build.0 = Debug|Any CPU
		{402C139E-6658-45F0-B849-3FC74D205B56}.Debug|iPhone.Deploy.0 = Debug|Any CPU
		{402C139E-6658-45F0-B849-3FC74D205B56}.Debug|iPhoneSimulator.ActiveCfg = Debug|Any CPU
		{402C139E-6658-45F0-B849-3FC74D205B56}.Debug|iPhoneSimulator.Build.0 = Debug|Any CPU
		{402C139E-6658-45F0-B849-3FC74D205B56}.Debug|iPhoneSimulator.Deploy.0 = Debug|Any CPU
		{402C139E-6658-45F0-B849-3FC74D205B56}.Debug|x64.ActiveCfg = Debug|Any CPU
		{402C139E-6658-45F0-B849-3FC74D205B56}.Debug|x64.Build.0 = Debug|Any CPU
		{402C139E-6658-45F0-B849-3FC74D205B56}.Debug|x64.Deploy.0 = Debug|Any CPU
		{402C139E-6658-45F0-B849-3FC74D205B56}.Debug|x86.ActiveCfg = Debug|Any CPU
		{402C139E-6658-45F0-B849-3FC74D205B56}.Debug|x86.Build.0 = Debug|Any CPU
		{402C139E-6658-45F0-B849-3FC74D205B56}.Debug|x86.Deploy.0 = Debug|Any CPU
		{402C139E-6658-45F0-B849-3FC74D205B56}.Release|Any CPU.ActiveCfg = Release|Any CPU
		{402C139E-6658-45F0-B849-3FC74D205B56}.Release|Any CPU.Build.0 = Release|Any CPU
		{402C139E-6658-45F0-B849-3FC74D205B56}.Release|Any CPU.Deploy.0 = Release|Any CPU
		{402C139E-6658-45F0-B849-3FC74D205B56}.Release|ARM.ActiveCfg = Release|Any CPU
		{402C139E-6658-45F0-B849-3FC74D205B56}.Release|ARM.Build.0 = Release|Any CPU
		{402C139E-6658-45F0-B849-3FC74D205B56}.Release|ARM.Deploy.0 = Release|Any CPU
		{402C139E-6658-45F0-B849-3FC74D205B56}.Release|iPhone.ActiveCfg = Release|Any CPU
		{402C139E-6658-45F0-B849-3FC74D205B56}.Release|iPhone.Build.0 = Release|Any CPU
		{402C139E-6658-45F0-B849-3FC74D205B56}.Release|iPhone.Deploy.0 = Release|Any CPU
		{402C139E-6658-45F0-B849-3FC74D205B56}.Release|iPhoneSimulator.ActiveCfg = Release|Any CPU
		{402C139E-6658-45F0-B849-3FC74D205B56}.Release|iPhoneSimulator.Build.0 = Release|Any CPU
		{402C139E-6658-45F0-B849-3FC74D205B56}.Release|iPhoneSimulator.Deploy.0 = Release|Any CPU
		{402C139E-6658-45F0-B849-3FC74D205B56}.Release|x64.ActiveCfg = Release|Any CPU
		{402C139E-6658-45F0-B849-3FC74D205B56}.Release|x64.Build.0 = Release|Any CPU
		{402C139E-6658-45F0-B849-3FC74D205B56}.Release|x64.Deploy.0 = Release|Any CPU
		{402C139E-6658-45F0-B849-3FC74D205B56}.Release|x86.ActiveCfg = Release|Any CPU
		{402C139E-6658-45F0-B849-3FC74D205B56}.Release|x86.Build.0 = Release|Any CPU
		{402C139E-6658-45F0-B849-3FC74D205B56}.Release|x86.Deploy.0 = Release|Any CPU
		{A0E2ADF8-87D3-42FB-A231-6037664B8235}.Debug|Any CPU.ActiveCfg = Debug|iPhoneSimulator
		{A0E2ADF8-87D3-42FB-A231-6037664B8235}.Debug|Any CPU.Build.0 = Debug|iPhoneSimulator
		{A0E2ADF8-87D3-42FB-A231-6037664B8235}.Debug|Any CPU.Deploy.0 = Debug|iPhoneSimulator
		{A0E2ADF8-87D3-42FB-A231-6037664B8235}.Debug|ARM.ActiveCfg = Debug|iPhone
		{A0E2ADF8-87D3-42FB-A231-6037664B8235}.Debug|ARM.Build.0 = Debug|iPhone
		{A0E2ADF8-87D3-42FB-A231-6037664B8235}.Debug|ARM.Deploy.0 = Debug|iPhone
		{A0E2ADF8-87D3-42FB-A231-6037664B8235}.Debug|iPhone.ActiveCfg = Debug|iPhone
		{A0E2ADF8-87D3-42FB-A231-6037664B8235}.Debug|iPhone.Build.0 = Debug|iPhone
		{A0E2ADF8-87D3-42FB-A231-6037664B8235}.Debug|iPhone.Deploy.0 = Debug|iPhone
		{A0E2ADF8-87D3-42FB-A231-6037664B8235}.Debug|iPhoneSimulator.ActiveCfg = Debug|iPhoneSimulator
		{A0E2ADF8-87D3-42FB-A231-6037664B8235}.Debug|iPhoneSimulator.Build.0 = Debug|iPhoneSimulator
		{A0E2ADF8-87D3-42FB-A231-6037664B8235}.Debug|iPhoneSimulator.Deploy.0 = Debug|iPhoneSimulator
		{A0E2ADF8-87D3-42FB-A231-6037664B8235}.Debug|x64.ActiveCfg = Debug|iPhoneSimulator
		{A0E2ADF8-87D3-42FB-A231-6037664B8235}.Debug|x64.Build.0 = Debug|iPhoneSimulator
		{A0E2ADF8-87D3-42FB-A231-6037664B8235}.Debug|x64.Deploy.0 = Debug|iPhoneSimulator
		{A0E2ADF8-87D3-42FB-A231-6037664B8235}.Debug|x86.ActiveCfg = Debug|iPhoneSimulator
		{A0E2ADF8-87D3-42FB-A231-6037664B8235}.Debug|x86.Build.0 = Debug|iPhoneSimulator
		{A0E2ADF8-87D3-42FB-A231-6037664B8235}.Debug|x86.Deploy.0 = Debug|iPhoneSimulator
		{A0E2ADF8-87D3-42FB-A231-6037664B8235}.Release|Any CPU.ActiveCfg = Release|iPhoneSimulator
		{A0E2ADF8-87D3-42FB-A231-6037664B8235}.Release|Any CPU.Build.0 = Release|iPhoneSimulator
		{A0E2ADF8-87D3-42FB-A231-6037664B8235}.Release|Any CPU.Deploy.0 = Release|iPhoneSimulator
		{A0E2ADF8-87D3-42FB-A231-6037664B8235}.Release|ARM.ActiveCfg = Release|iPhoneSimulator
		{A0E2ADF8-87D3-42FB-A231-6037664B8235}.Release|ARM.Build.0 = Release|iPhoneSimulator
		{A0E2ADF8-87D3-42FB-A231-6037664B8235}.Release|ARM.Deploy.0 = Release|iPhoneSimulator
		{A0E2ADF8-87D3-42FB-A231-6037664B8235}.Release|iPhone.ActiveCfg = Release|iPhone
		{A0E2ADF8-87D3-42FB-A231-6037664B8235}.Release|iPhone.Build.0 = Release|iPhone
		{A0E2ADF8-87D3-42FB-A231-6037664B8235}.Release|iPhone.Deploy.0 = Release|iPhone
		{A0E2ADF8-87D3-42FB-A231-6037664B8235}.Release|iPhoneSimulator.ActiveCfg = Release|iPhoneSimulator
		{A0E2ADF8-87D3-42FB-A231-6037664B8235}.Release|iPhoneSimulator.Build.0 = Release|iPhoneSimulator
		{A0E2ADF8-87D3-42FB-A231-6037664B8235}.Release|iPhoneSimulator.Deploy.0 = Release|iPhoneSimulator
		{A0E2ADF8-87D3-42FB-A231-6037664B8235}.Release|x64.ActiveCfg = Release|iPhoneSimulator
		{A0E2ADF8-87D3-42FB-A231-6037664B8235}.Release|x64.Build.0 = Release|iPhoneSimulator
		{A0E2ADF8-87D3-42FB-A231-6037664B8235}.Release|x64.Deploy.0 = Release|iPhoneSimulator
		{A0E2ADF8-87D3-42FB-A231-6037664B8235}.Release|x86.ActiveCfg = Release|iPhoneSimulator
		{A0E2ADF8-87D3-42FB-A231-6037664B8235}.Release|x86.Build.0 = Release|iPhoneSimulator
		{A0E2ADF8-87D3-42FB-A231-6037664B8235}.Release|x86.Deploy.0 = Release|iPhoneSimulator
		{A12006BF-1FBD-4250-A00F-747096ACF321}.Debug|Any CPU.ActiveCfg = Debug|Any CPU
		{A12006BF-1FBD-4250-A00F-747096ACF321}.Debug|Any CPU.Build.0 = Debug|Any CPU
		{A12006BF-1FBD-4250-A00F-747096ACF321}.Debug|Any CPU.Deploy.0 = Debug|Any CPU
		{A12006BF-1FBD-4250-A00F-747096ACF321}.Debug|ARM.ActiveCfg = Debug|Any CPU
		{A12006BF-1FBD-4250-A00F-747096ACF321}.Debug|ARM.Build.0 = Debug|Any CPU
		{A12006BF-1FBD-4250-A00F-747096ACF321}.Debug|ARM.Deploy.0 = Debug|Any CPU
		{A12006BF-1FBD-4250-A00F-747096ACF321}.Debug|iPhone.ActiveCfg = Debug|Any CPU
		{A12006BF-1FBD-4250-A00F-747096ACF321}.Debug|iPhone.Build.0 = Debug|Any CPU
		{A12006BF-1FBD-4250-A00F-747096ACF321}.Debug|iPhone.Deploy.0 = Debug|Any CPU
		{A12006BF-1FBD-4250-A00F-747096ACF321}.Debug|iPhoneSimulator.ActiveCfg = Debug|Any CPU
		{A12006BF-1FBD-4250-A00F-747096ACF321}.Debug|iPhoneSimulator.Build.0 = Debug|Any CPU
		{A12006BF-1FBD-4250-A00F-747096ACF321}.Debug|iPhoneSimulator.Deploy.0 = Debug|Any CPU
		{A12006BF-1FBD-4250-A00F-747096ACF321}.Debug|x64.ActiveCfg = Debug|Any CPU
		{A12006BF-1FBD-4250-A00F-747096ACF321}.Debug|x64.Build.0 = Debug|Any CPU
		{A12006BF-1FBD-4250-A00F-747096ACF321}.Debug|x64.Deploy.0 = Debug|Any CPU
		{A12006BF-1FBD-4250-A00F-747096ACF321}.Debug|x86.ActiveCfg = Debug|Any CPU
		{A12006BF-1FBD-4250-A00F-747096ACF321}.Debug|x86.Build.0 = Debug|Any CPU
		{A12006BF-1FBD-4250-A00F-747096ACF321}.Debug|x86.Deploy.0 = Debug|Any CPU
		{A12006BF-1FBD-4250-A00F-747096ACF321}.Release|Any CPU.ActiveCfg = Release|Any CPU
		{A12006BF-1FBD-4250-A00F-747096ACF321}.Release|Any CPU.Build.0 = Release|Any CPU
		{A12006BF-1FBD-4250-A00F-747096ACF321}.Release|Any CPU.Deploy.0 = Release|Any CPU
		{A12006BF-1FBD-4250-A00F-747096ACF321}.Release|ARM.ActiveCfg = Release|Any CPU
		{A12006BF-1FBD-4250-A00F-747096ACF321}.Release|ARM.Build.0 = Release|Any CPU
		{A12006BF-1FBD-4250-A00F-747096ACF321}.Release|ARM.Deploy.0 = Release|Any CPU
		{A12006BF-1FBD-4250-A00F-747096ACF321}.Release|iPhone.ActiveCfg = Release|Any CPU
		{A12006BF-1FBD-4250-A00F-747096ACF321}.Release|iPhone.Build.0 = Release|Any CPU
		{A12006BF-1FBD-4250-A00F-747096ACF321}.Release|iPhone.Deploy.0 = Release|Any CPU
		{A12006BF-1FBD-4250-A00F-747096ACF321}.Release|iPhoneSimulator.ActiveCfg = Release|Any CPU
		{A12006BF-1FBD-4250-A00F-747096ACF321}.Release|iPhoneSimulator.Build.0 = Release|Any CPU
		{A12006BF-1FBD-4250-A00F-747096ACF321}.Release|iPhoneSimulator.Deploy.0 = Release|Any CPU
		{A12006BF-1FBD-4250-A00F-747096ACF321}.Release|x64.ActiveCfg = Release|Any CPU
		{A12006BF-1FBD-4250-A00F-747096ACF321}.Release|x64.Build.0 = Release|Any CPU
		{A12006BF-1FBD-4250-A00F-747096ACF321}.Release|x64.Deploy.0 = Release|Any CPU
		{A12006BF-1FBD-4250-A00F-747096ACF321}.Release|x86.ActiveCfg = Release|Any CPU
		{A12006BF-1FBD-4250-A00F-747096ACF321}.Release|x86.Build.0 = Release|Any CPU
		{A12006BF-1FBD-4250-A00F-747096ACF321}.Release|x86.Deploy.0 = Release|Any CPU
	EndGlobalSection
	GlobalSection(SolutionProperties) = preSolution
		HideSolutionNode = FALSE
	EndGlobalSection
	GlobalSection(ExtensibilityGlobals) = postSolution
		SolutionGuid = {06B3C9E2-EC75-44D8-A776-8B9045F7F65E}
	EndGlobalSection
EndGlobal
